{
  "name": "test_withmodule",
  "version": "1.0.0",
  "lockfileVersion": 3,
  "requires": true,
  "packages": {
    "": {
      "name": "test_withmodule",
      "version": "1.0.0",
      "license": "ISC",
      "dependencies": {
        "npm_webview2": "file:../../npm_webview2"
      }
    },
    "../../npm_webview2": {
      "version": "1.0.0",
      "license": "ISC",
      "bin": {
        "npm_webview": "build_tools.mjs"
      },
      "devDependencies": {
        "@types/node": "^22.10.7"
      }
    },
    "node_modules/npm_webview2": {
      "resolved": "../../npm_webview2",
      "link": true
    },
    "npm_webview2": {
      "extraneous": true
    }
  }
}
